
Microsoft Visual Studio Solution File, Format Version 12.00
# Visual Studio Version 17
VisualStudioVersion = 17.4.33205.214
MinimumVisualStudioVersion = 10.0.40219.1
Project("{9A19103F-16F7-4668-BE54-9A1E7A4F7556}") = "ConsoleApp1", "ConsoleApp1\ConsoleApp1.csproj", "{7226012F-6E1A-4B01-9E61-88A450A3BBC7}"
EndProject
Project("{FAE04EC0-301F-11D3-BF4B-00C04F79EFBC}") = "TestProject1", "TestProject1\TestProject1.csproj", "{0DBC2DA6-5497-48C2-8175-0E7AD5B5C876}"
EndProject
Global
	GlobalSection(SolutionConfigurationPlatforms) = preSolution
		Debug|Any CPU = Debug|Any CPU
		Release|Any CPU = Release|Any CPU
	EndGlobalSection
	GlobalSection(ProjectConfigurationPlatforms) = postSolution
		{7226012F-6E1A-4B01-9E61-88A450A3BBC7}.Debug|Any CPU.ActiveCfg = Debug|Any CPU
		{7226012F-6E1A-4B01-9E61-88A450A3BBC7}.Debug|Any CPU.Build.0 = Debug|Any CPU
		{7226012F-6E1A-4B01-9E61-88A450A3BBC7}.Release|Any CPU.ActiveCfg = Release|Any CPU
		{7226012F-6E1A-4B01-9E61-88A450A3BBC7}.Release|Any CPU.Build.0 = Release|Any CPU
		{0DBC2DA6-5497-48C2-8175-0E7AD5B5C876}.Debug|Any CPU.ActiveCfg = Debug|Any CPU
		{0DBC2DA6-5497-48C2-8175-0E7AD5B5C876}.Debug|Any CPU.Build.0 = Debug|Any CPU
		{0DBC2DA6-5497-48C2-8175-0E7AD5B5C876}.Release|Any CPU.ActiveCfg = Release|Any CPU
		{0DBC2DA6-5497-48C2-8175-0E7AD5B5C876}.Release|Any CPU.Build.0 = Release|Any CPU
	EndGlobalSection
	GlobalSection(SolutionProperties) = preSolution
		HideSolutionNode = FALSE
	EndGlobalSection
	GlobalSection(ExtensibilityGlobals) = postSolution
		SolutionGuid = {3478FC37-10CC-4293-B86E-DCC33CDB3AE7}
	EndGlobalSection
EndGlobal
